
Microsoft Visual Studio Solution File, Format Version 12.00
Project("{FAE04EC0-301F-11D3-BF4B-00C04F79EFBC}") = "FSCenter", "FSCenter\FSCenter.csproj", "{93A8933F-06D8-4DF3-B497-8D97E956F545}"
EndProject
Global
	GlobalSection(SolutionConfigurationPlatforms) = preSolution
		Debug|Any CPU = Debug|Any CPU
		Release|Any CPU = Release|Any CPU
	EndGlobalSection
	GlobalSection(ProjectConfigurationPlatforms) = postSolution
		{93A8933F-06D8-4DF3-B497-8D97E956F545}.Debug|Any CPU.ActiveCfg = Debug|Any CPU
		{93A8933F-06D8-4DF3-B497-8D97E956F545}.Debug|Any CPU.Build.0 = Debug|Any CPU
		{93A8933F-06D8-4DF3-B497-8D97E956F545}.Release|Any CPU.ActiveCfg = Release|Any CPU
		{93A8933F-06D8-4DF3-B497-8D97E956F545}.Release|Any CPU.Build.0 = Release|Any CPU
	EndGlobalSection
EndGlobal
